// !$*UTF8*$!
{
	archiveVersion = 1;
	classes = {
	};
	objectVersion = 46;
	objects = {

/* Begin PBXBuildFile section */
		37A5004A18FB9E7900A15B0F /* NSArray+JSONPointer.m in Sources */ = {isa = PBXBuildFile; fileRef = 37A5004918FB9E7900A15B0F /* NSArray+JSONPointer.m */; };
		37A5004D18FB9FB200A15B0F /* JSONPointer.m in Sources */ = {isa = PBXBuildFile; fileRef = 37A5004C18FB9FB200A15B0F /* JSONPointer.m */; };
		37A5004F18FC3FC700A15B0F /* JSONPatchApplyTests.m in Sources */ = {isa = PBXBuildFile; fileRef = 37A5004E18FC3FC700A15B0F /* JSONPatchApplyTests.m */; };
		37A5005318FC9E0200A15B0F /* JSONPatchGenerateTests.m in Sources */ = {isa = PBXBuildFile; fileRef = 37A5005218FC9E0200A15B0F /* JSONPatchGenerateTests.m */; };
		37BDF4CF18FAF1DD00BF9705 /* XCTest.framework in Frameworks */ = {isa = PBXBuildFile; fileRef = 37BDF4CE18FAF1DD00BF9705 /* XCTest.framework */; };
		37BDF4D018FAF1DD00BF9705 /* Foundation.framework in Frameworks */ = {isa = PBXBuildFile; fileRef = 37BDF4C018FAF1DD00BF9705 /* Foundation.framework */; };
		37BDF4D218FAF1DD00BF9705 /* UIKit.framework in Frameworks */ = {isa = PBXBuildFile; fileRef = 37BDF4D118FAF1DD00BF9705 /* UIKit.framework */; };
		37BDF4DB18FAF1DD00BF9705 /* InfoPlist.strings in Resources */ = {isa = PBXBuildFile; fileRef = 37BDF4D918FAF1DD00BF9705 /* InfoPlist.strings */; };
		37BDF4DD18FAF1DD00BF9705 /* JSONPointerTests.m in Sources */ = {isa = PBXBuildFile; fileRef = 37BDF4DC18FAF1DD00BF9705 /* JSONPointerTests.m */; };
		37BDF4ED18FB121A00BF9705 /* NSDictionary+JSONPointer.m in Sources */ = {isa = PBXBuildFile; fileRef = 37BDF4EA18FAF5FD00BF9705 /* NSDictionary+JSONPointer.m */; };
		37BDF4F118FB15C300BF9705 /* JSONPatch.m in Sources */ = {isa = PBXBuildFile; fileRef = 37BDF4F018FB15C300BF9705 /* JSONPatch.m */; };
		37BDF4F718FB18EE00BF9705 /* JSONPatchDictionary.m in Sources */ = {isa = PBXBuildFile; fileRef = 37BDF4F618FB18EE00BF9705 /* JSONPatchDictionary.m */; };
		37BDF4FA18FB29AA00BF9705 /* JSONPatchArray.m in Sources */ = {isa = PBXBuildFile; fileRef = 37BDF4F918FB29AA00BF9705 /* JSONPatchArray.m */; };
		37BDF4FE18FB74C500BF9705 /* JSONPatchInfo.m in Sources */ = {isa = PBXBuildFile; fileRef = 37BDF4FD18FB74C500BF9705 /* JSONPatchInfo.m */; };
		37F843B118FCE674003B20CC /* NSArray+JSONDeepMutable.m in Sources */ = {isa = PBXBuildFile; fileRef = 37F843B018FCE674003B20CC /* NSArray+JSONDeepMutable.m */; };
		37F843B418FCE68C003B20CC /* NSDictionary+JSONDeepMutable.m in Sources */ = {isa = PBXBuildFile; fileRef = 37F843B318FCE68C003B20CC /* NSDictionary+JSONDeepMutable.m */; };
		37F843B718FCE9B7003B20CC /* JSONDeeplyMutable.m in Sources */ = {isa = PBXBuildFile; fileRef = 37F843B618FCE9B6003B20CC /* JSONDeeplyMutable.m */; };
/* End PBXBuildFile section */

/* Begin PBXFileReference section */
		37A5004818FB9E7900A15B0F /* NSArray+JSONPointer.h */ = {isa = PBXFileReference; fileEncoding = 4; lastKnownFileType = sourcecode.c.h; path = "NSArray+JSONPointer.h"; sourceTree = "<group>"; };
		37A5004918FB9E7900A15B0F /* NSArray+JSONPointer.m */ = {isa = PBXFileReference; fileEncoding = 4; lastKnownFileType = sourcecode.c.objc; path = "NSArray+JSONPointer.m"; sourceTree = "<group>"; };
		37A5004B18FB9FB200A15B0F /* JSONPointer.h */ = {isa = PBXFileReference; fileEncoding = 4; lastKnownFileType = sourcecode.c.h; path = JSONPointer.h; sourceTree = "<group>"; };
		37A5004C18FB9FB200A15B0F /* JSONPointer.m */ = {isa = PBXFileReference; fileEncoding = 4; lastKnownFileType = sourcecode.c.objc; path = JSONPointer.m; sourceTree = "<group>"; };
		37A5004E18FC3FC700A15B0F /* JSONPatchApplyTests.m */ = {isa = PBXFileReference; fileEncoding = 4; lastKnownFileType = sourcecode.c.objc; path = JSONPatchApplyTests.m; sourceTree = "<group>"; };
		37A5005218FC9E0200A15B0F /* JSONPatchGenerateTests.m */ = {isa = PBXFileReference; fileEncoding = 4; lastKnownFileType = sourcecode.c.objc; path = JSONPatchGenerateTests.m; sourceTree = "<group>"; };
		37BDF4C018FAF1DD00BF9705 /* Foundation.framework */ = {isa = PBXFileReference; lastKnownFileType = wrapper.framework; name = Foundation.framework; path = System/Library/Frameworks/Foundation.framework; sourceTree = SDKROOT; };
		37BDF4C418FAF1DD00BF9705 /* JSONTools-Prefix.pch */ = {isa = PBXFileReference; lastKnownFileType = sourcecode.c.h; path = "JSONTools-Prefix.pch"; sourceTree = "<group>"; };
		37BDF4C518FAF1DD00BF9705 /* JSONTools.h */ = {isa = PBXFileReference; lastKnownFileType = sourcecode.c.h; path = JSONTools.h; sourceTree = "<group>"; };
		37BDF4CD18FAF1DD00BF9705 /* JSONToolsTests.xctest */ = {isa = PBXFileReference; explicitFileType = wrapper.cfbundle; includeInIndex = 0; path = JSONToolsTests.xctest; sourceTree = BUILT_PRODUCTS_DIR; };
		37BDF4CE18FAF1DD00BF9705 /* XCTest.framework */ = {isa = PBXFileReference; lastKnownFileType = wrapper.framework; name = XCTest.framework; path = Library/Frameworks/XCTest.framework; sourceTree = DEVELOPER_DIR; };
		37BDF4D118FAF1DD00BF9705 /* UIKit.framework */ = {isa = PBXFileReference; lastKnownFileType = wrapper.framework; name = UIKit.framework; path = Library/Frameworks/UIKit.framework; sourceTree = DEVELOPER_DIR; };
		37BDF4D818FAF1DD00BF9705 /* JSONToolsTests-Info.plist */ = {isa = PBXFileReference; lastKnownFileType = text.plist.xml; path = "JSONToolsTests-Info.plist"; sourceTree = "<group>"; };
		37BDF4DA18FAF1DD00BF9705 /* en */ = {isa = PBXFileReference; lastKnownFileType = text.plist.strings; name = en; path = en.lproj/InfoPlist.strings; sourceTree = "<group>"; };
		37BDF4DC18FAF1DD00BF9705 /* JSONPointerTests.m */ = {isa = PBXFileReference; lastKnownFileType = sourcecode.c.objc; path = JSONPointerTests.m; sourceTree = "<group>"; };
		37BDF4E918FAF5FD00BF9705 /* NSDictionary+JSONPointer.h */ = {isa = PBXFileReference; fileEncoding = 4; lastKnownFileType = sourcecode.c.h; path = "NSDictionary+JSONPointer.h"; sourceTree = "<group>"; };
		37BDF4EA18FAF5FD00BF9705 /* NSDictionary+JSONPointer.m */ = {isa = PBXFileReference; fileEncoding = 4; lastKnownFileType = sourcecode.c.objc; path = "NSDictionary+JSONPointer.m"; sourceTree = "<group>"; };
		37BDF4EF18FB15C300BF9705 /* JSONPatch.h */ = {isa = PBXFileReference; fileEncoding = 4; lastKnownFileType = sourcecode.c.h; path = JSONPatch.h; sourceTree = "<group>"; };
		37BDF4F018FB15C300BF9705 /* JSONPatch.m */ = {isa = PBXFileReference; fileEncoding = 4; lastKnownFileType = sourcecode.c.objc; path = JSONPatch.m; sourceTree = "<group>"; };
		37BDF4F518FB18EE00BF9705 /* JSONPatchDictionary.h */ = {isa = PBXFileReference; fileEncoding = 4; lastKnownFileType = sourcecode.c.h; path = JSONPatchDictionary.h; sourceTree = "<group>"; };
		37BDF4F618FB18EE00BF9705 /* JSONPatchDictionary.m */ = {isa = PBXFileReference; fileEncoding = 4; lastKnownFileType = sourcecode.c.objc; path = JSONPatchDictionary.m; sourceTree = "<group>"; };
		37BDF4F818FB29AA00BF9705 /* JSONPatchArray.h */ = {isa = PBXFileReference; fileEncoding = 4; lastKnownFileType = sourcecode.c.h; path = JSONPatchArray.h; sourceTree = "<group>"; };
		37BDF4F918FB29AA00BF9705 /* JSONPatchArray.m */ = {isa = PBXFileReference; fileEncoding = 4; lastKnownFileType = sourcecode.c.objc; path = JSONPatchArray.m; sourceTree = "<group>"; };
		37BDF4FC18FB74C500BF9705 /* JSONPatchInfo.h */ = {isa = PBXFileReference; fileEncoding = 4; lastKnownFileType = sourcecode.c.h; path = JSONPatchInfo.h; sourceTree = "<group>"; };
		37BDF4FD18FB74C500BF9705 /* JSONPatchInfo.m */ = {isa = PBXFileReference; fileEncoding = 4; lastKnownFileType = sourcecode.c.objc; path = JSONPatchInfo.m; sourceTree = "<group>"; };
		37F843AF18FCE674003B20CC /* NSArray+JSONDeepMutable.h */ = {isa = PBXFileReference; fileEncoding = 4; lastKnownFileType = sourcecode.c.h; path = "NSArray+JSONDeepMutable.h"; sourceTree = "<group>"; };
		37F843B018FCE674003B20CC /* NSArray+JSONDeepMutable.m */ = {isa = PBXFileReference; fileEncoding = 4; lastKnownFileType = sourcecode.c.objc; path = "NSArray+JSONDeepMutable.m"; sourceTree = "<group>"; };
		37F843B218FCE68C003B20CC /* NSDictionary+JSONDeepMutable.h */ = {isa = PBXFileReference; fileEncoding = 4; lastKnownFileType = sourcecode.c.h; path = "NSDictionary+JSONDeepMutable.h"; sourceTree = "<group>"; };
		37F843B318FCE68C003B20CC /* NSDictionary+JSONDeepMutable.m */ = {isa = PBXFileReference; fileEncoding = 4; lastKnownFileType = sourcecode.c.objc; path = "NSDictionary+JSONDeepMutable.m"; sourceTree = "<group>"; };
		37F843B518FCE94A003B20CC /* JSONDeeplyMutable.h */ = {isa = PBXFileReference; fileEncoding = 4; lastKnownFileType = sourcecode.c.h; path = JSONDeeplyMutable.h; sourceTree = "<group>"; };
		37F843B618FCE9B6003B20CC /* JSONDeeplyMutable.m */ = {isa = PBXFileReference; fileEncoding = 4; lastKnownFileType = sourcecode.c.objc; path = JSONDeeplyMutable.m; sourceTree = "<group>"; };
/* End PBXFileReference section */

/* Begin PBXFrameworksBuildPhase section */
		37BDF4CA18FAF1DD00BF9705 /* Frameworks */ = {
			isa = PBXFrameworksBuildPhase;
			buildActionMask = 2147483647;
			files = (
				37BDF4CF18FAF1DD00BF9705 /* XCTest.framework in Frameworks */,
				37BDF4D218FAF1DD00BF9705 /* UIKit.framework in Frameworks */,
				37BDF4D018FAF1DD00BF9705 /* Foundation.framework in Frameworks */,
			);
			runOnlyForDeploymentPostprocessing = 0;
		};
/* End PBXFrameworksBuildPhase section */

/* Begin PBXGroup section */
		37A5005018FC7D5200A15B0F /* JSONPatch */ = {
			isa = PBXGroup;
			children = (
				37BDF4EF18FB15C300BF9705 /* JSONPatch.h */,
				37BDF4F018FB15C300BF9705 /* JSONPatch.m */,
				37BDF4FC18FB74C500BF9705 /* JSONPatchInfo.h */,
				37BDF4FD18FB74C500BF9705 /* JSONPatchInfo.m */,
				37BDF4F518FB18EE00BF9705 /* JSONPatchDictionary.h */,
				37BDF4F618FB18EE00BF9705 /* JSONPatchDictionary.m */,
				37BDF4F818FB29AA00BF9705 /* JSONPatchArray.h */,
				37BDF4F918FB29AA00BF9705 /* JSONPatchArray.m */,
			);
			name = JSONPatch;
			sourceTree = "<group>";
		};
		37A5005118FC7D5F00A15B0F /* JSONPointer */ = {
			isa = PBXGroup;
			children = (
				37A5004B18FB9FB200A15B0F /* JSONPointer.h */,
				37A5004C18FB9FB200A15B0F /* JSONPointer.m */,
				37BDF4E918FAF5FD00BF9705 /* NSDictionary+JSONPointer.h */,
				37BDF4EA18FAF5FD00BF9705 /* NSDictionary+JSONPointer.m */,
				37A5004818FB9E7900A15B0F /* NSArray+JSONPointer.h */,
				37A5004918FB9E7900A15B0F /* NSArray+JSONPointer.m */,
			);
			name = JSONPointer;
			sourceTree = "<group>";
		};
		37BDF4B418FAF1DD00BF9705 = {
			isa = PBXGroup;
			children = (
				37BDF4C218FAF1DD00BF9705 /* JSONTools */,
				37BDF4D618FAF1DD00BF9705 /* JSONToolsTests */,
				37BDF4BF18FAF1DD00BF9705 /* Frameworks */,
				37BDF4BE18FAF1DD00BF9705 /* Products */,
			);
			sourceTree = "<group>";
		};
		37BDF4BE18FAF1DD00BF9705 /* Products */ = {
			isa = PBXGroup;
			children = (
				37BDF4CD18FAF1DD00BF9705 /* JSONToolsTests.xctest */,
			);
			name = Products;
			sourceTree = "<group>";
		};
		37BDF4BF18FAF1DD00BF9705 /* Frameworks */ = {
			isa = PBXGroup;
			children = (
				37BDF4C018FAF1DD00BF9705 /* Foundation.framework */,
				37BDF4CE18FAF1DD00BF9705 /* XCTest.framework */,
				37BDF4D118FAF1DD00BF9705 /* UIKit.framework */,
			);
			name = Frameworks;
			sourceTree = "<group>";
		};
		37BDF4C218FAF1DD00BF9705 /* JSONTools */ = {
			isa = PBXGroup;
			children = (
				37BDF4C518FAF1DD00BF9705 /* JSONTools.h */,
				37A5005018FC7D5200A15B0F /* JSONPatch */,
				37A5005118FC7D5F00A15B0F /* JSONPointer */,
				37F843AE18FCE5C6003B20CC /* Utilities */,
				37BDF4C318FAF1DD00BF9705 /* Supporting Files */,
			);
			path = JSONTools;
			sourceTree = "<group>";
		};
		37BDF4C318FAF1DD00BF9705 /* Supporting Files */ = {
			isa = PBXGroup;
			children = (
				37BDF4C418FAF1DD00BF9705 /* JSONTools-Prefix.pch */,
			);
			name = "Supporting Files";
			sourceTree = "<group>";
		};
		37BDF4D618FAF1DD00BF9705 /* JSONToolsTests */ = {
			isa = PBXGroup;
			children = (
				37BDF4DC18FAF1DD00BF9705 /* JSONPointerTests.m */,
				37A5004E18FC3FC700A15B0F /* JSONPatchApplyTests.m */,
				37A5005218FC9E0200A15B0F /* JSONPatchGenerateTests.m */,
				37BDF4D718FAF1DD00BF9705 /* Supporting Files */,
			);
			path = JSONToolsTests;
			sourceTree = "<group>";
		};
		37BDF4D718FAF1DD00BF9705 /* Supporting Files */ = {
			isa = PBXGroup;
			children = (
				37BDF4D818FAF1DD00BF9705 /* JSONToolsTests-Info.plist */,
				37BDF4D918FAF1DD00BF9705 /* InfoPlist.strings */,
			);
			name = "Supporting Files";
			sourceTree = "<group>";
		};
		37F843AE18FCE5C6003B20CC /* Utilities */ = {
			isa = PBXGroup;
			children = (
				37F843B518FCE94A003B20CC /* JSONDeeplyMutable.h */,
				37F843B618FCE9B6003B20CC /* JSONDeeplyMutable.m */,
				37F843AF18FCE674003B20CC /* NSArray+JSONDeepMutable.h */,
				37F843B018FCE674003B20CC /* NSArray+JSONDeepMutable.m */,
				37F843B218FCE68C003B20CC /* NSDictionary+JSONDeepMutable.h */,
				37F843B318FCE68C003B20CC /* NSDictionary+JSONDeepMutable.m */,
			);
			name = Utilities;
			sourceTree = "<group>";
		};
/* End PBXGroup section */

/* Begin PBXNativeTarget section */
		37BDF4CC18FAF1DD00BF9705 /* JSONToolsTests */ = {
			isa = PBXNativeTarget;
			buildConfigurationList = 37BDF4E318FAF1DD00BF9705 /* Build configuration list for PBXNativeTarget "JSONToolsTests" */;
			buildPhases = (
				37BDF4C918FAF1DD00BF9705 /* Sources */,
				37BDF4CA18FAF1DD00BF9705 /* Frameworks */,
				37BDF4CB18FAF1DD00BF9705 /* Resources */,
			);
			buildRules = (
			);
			dependencies = (
			);
			name = JSONToolsTests;
			productName = JSONToolsTests;
			productReference = 37BDF4CD18FAF1DD00BF9705 /* JSONToolsTests.xctest */;
			productType = "com.apple.product-type.bundle.unit-test";
		};
/* End PBXNativeTarget section */

/* Begin PBXProject section */
		37BDF4B518FAF1DD00BF9705 /* Project object */ = {
			isa = PBXProject;
			attributes = {
				CLASSPREFIX = JSON;
				LastUpgradeCheck = 0510;
				ORGANIZATIONNAME = Sleestacks;
			};
			buildConfigurationList = 37BDF4B818FAF1DD00BF9705 /* Build configuration list for PBXProject "JSONTools" */;
			compatibilityVersion = "Xcode 3.2";
			developmentRegion = English;
			hasScannedForEncodings = 0;
			knownRegions = (
				en,
			);
			mainGroup = 37BDF4B418FAF1DD00BF9705;
			productRefGroup = 37BDF4BE18FAF1DD00BF9705 /* Products */;
			projectDirPath = "";
			projectRoot = "";
			targets = (
				37BDF4CC18FAF1DD00BF9705 /* JSONToolsTests */,
			);
		};
/* End PBXProject section */

/* Begin PBXResourcesBuildPhase section */
		37BDF4CB18FAF1DD00BF9705 /* Resources */ = {
			isa = PBXResourcesBuildPhase;
			buildActionMask = 2147483647;
			files = (
				37BDF4DB18FAF1DD00BF9705 /* InfoPlist.strings in Resources */,
			);
			runOnlyForDeploymentPostprocessing = 0;
		};
/* End PBXResourcesBuildPhase section */

/* Begin PBXSourcesBuildPhase section */
		37BDF4C918FAF1DD00BF9705 /* Sources */ = {
			isa = PBXSourcesBuildPhase;
			buildActionMask = 2147483647;
			files = (
				37BDF4F118FB15C300BF9705 /* JSONPatch.m in Sources */,
				37BDF4FA18FB29AA00BF9705 /* JSONPatchArray.m in Sources */,
				37BDF4FE18FB74C500BF9705 /* JSONPatchInfo.m in Sources */,
				37BDF4F718FB18EE00BF9705 /* JSONPatchDictionary.m in Sources */,
				37A5004F18FC3FC700A15B0F /* JSONPatchApplyTests.m in Sources */,
				37BDF4ED18FB121A00BF9705 /* NSDictionary+JSONPointer.m in Sources */,
				37A5004D18FB9FB200A15B0F /* JSONPointer.m in Sources */,
				37A5005318FC9E0200A15B0F /* JSONPatchGenerateTests.m in Sources */,
				37F843B118FCE674003B20CC /* NSArray+JSONDeepMutable.m in Sources */,
				37F843B718FCE9B7003B20CC /* JSONDeeplyMutable.m in Sources */,
				37F843B418FCE68C003B20CC /* NSDictionary+JSONDeepMutable.m in Sources */,
				37A5004A18FB9E7900A15B0F /* NSArray+JSONPointer.m in Sources */,
				37BDF4DD18FAF1DD00BF9705 /* JSONPointerTests.m in Sources */,
			);
			runOnlyForDeploymentPostprocessing = 0;
		};
/* End PBXSourcesBuildPhase section */

/* Begin PBXVariantGroup section */
		37BDF4D918FAF1DD00BF9705 /* InfoPlist.strings */ = {
			isa = PBXVariantGroup;
			children = (
				37BDF4DA18FAF1DD00BF9705 /* en */,
			);
			name = InfoPlist.strings;
			sourceTree = "<group>";
		};
/* End PBXVariantGroup section */

/* Begin XCBuildConfiguration section */
		37BDF4DE18FAF1DD00BF9705 /* Debug */ = {
			isa = XCBuildConfiguration;
			buildSettings = {
				ALWAYS_SEARCH_USER_PATHS = NO;
				CLANG_ANALYZER_SECURITY_FLOATLOOPCOUNTER = YES;
				CLANG_ANALYZER_SECURITY_INSECUREAPI_RAND = YES;
				CLANG_ANALYZER_SECURITY_INSECUREAPI_STRCPY = YES;
				CLANG_CXX_LANGUAGE_STANDARD = "gnu++0x";
				CLANG_CXX_LIBRARY = "libc++";
				CLANG_ENABLE_MODULES = YES;
				CLANG_ENABLE_OBJC_ARC = YES;
				CLANG_WARN_BOOL_CONVERSION = YES;
				CLANG_WARN_CONSTANT_CONVERSION = YES;
				CLANG_WARN_DIRECT_OBJC_ISA_USAGE = YES_ERROR;
				CLANG_WARN_EMPTY_BODY = YES;
				CLANG_WARN_ENUM_CONVERSION = YES;
				CLANG_WARN_INT_CONVERSION = YES;
				CLANG_WARN_OBJC_ROOT_CLASS = YES_ERROR;
				CLANG_WARN__DUPLICATE_METHOD_MATCH = YES;
				GCC_C_LANGUAGE_STANDARD = gnu11;
				GCC_OPTIMIZATION_LEVEL = 0;
				GCC_PREPROCESSOR_DEFINITIONS = (
					"DEBUG=1",
					"$(inherited)",
				);
				GCC_SYMBOLS_PRIVATE_EXTERN = NO;
				GCC_WARN_64_TO_32_BIT_CONVERSION = YES;
				GCC_WARN_ABOUT_RETURN_TYPE = YES_ERROR;
				GCC_WARN_SHADOW = YES;
				GCC_WARN_UNDECLARED_SELECTOR = YES;
				GCC_WARN_UNINITIALIZED_AUTOS = YES_AGGRESSIVE;
				GCC_WARN_UNUSED_FUNCTION = YES;
				GCC_WARN_UNUSED_VARIABLE = YES;
				IPHONEOS_DEPLOYMENT_TARGET = 7.1;
				SDKROOT = iphoneos;
			};
			name = Debug;
		};
		37BDF4DF18FAF1DD00BF9705 /* Release */ = {
			isa = XCBuildConfiguration;
			buildSettings = {
				ALWAYS_SEARCH_USER_PATHS = NO;
				CLANG_ANALYZER_SECURITY_FLOATLOOPCOUNTER = YES;
				CLANG_ANALYZER_SECURITY_INSECUREAPI_RAND = YES;
				CLANG_ANALYZER_SECURITY_INSECUREAPI_STRCPY = YES;
				CLANG_CXX_LANGUAGE_STANDARD = "gnu++0x";
				CLANG_CXX_LIBRARY = "libc++";
				CLANG_ENABLE_MODULES = YES;
				CLANG_ENABLE_OBJC_ARC = YES;
				CLANG_WARN_BOOL_CONVERSION = YES;
				CLANG_WARN_CONSTANT_CONVERSION = YES;
				CLANG_WARN_DIRECT_OBJC_ISA_USAGE = YES_ERROR;
				CLANG_WARN_EMPTY_BODY = YES;
				CLANG_WARN_ENUM_CONVERSION = YES;
				CLANG_WARN_INT_CONVERSION = YES;
				CLANG_WARN_OBJC_ROOT_CLASS = YES_ERROR;
				CLANG_WARN__DUPLICATE_METHOD_MATCH = YES;
				ENABLE_NS_ASSERTIONS = NO;
				GCC_C_LANGUAGE_STANDARD = gnu11;
				GCC_WARN_64_TO_32_BIT_CONVERSION = YES;
				GCC_WARN_ABOUT_RETURN_TYPE = YES_ERROR;
				GCC_WARN_SHADOW = YES;
				GCC_WARN_UNDECLARED_SELECTOR = YES;
				GCC_WARN_UNINITIALIZED_AUTOS = YES_AGGRESSIVE;
				GCC_WARN_UNUSED_FUNCTION = YES;
				GCC_WARN_UNUSED_VARIABLE = YES;
				IPHONEOS_DEPLOYMENT_TARGET = 7.1;
				SDKROOT = iphoneos;
				VALIDATE_PRODUCT = YES;
			};
			name = Release;
		};
		37BDF4E418FAF1DD00BF9705 /* Debug */ = {
			isa = XCBuildConfiguration;
			buildSettings = {
				FRAMEWORK_SEARCH_PATHS = (
					"$(SDKROOT)/Developer/Library/Frameworks",
					"$(inherited)",
					"$(DEVELOPER_FRAMEWORKS_DIR)",
				);
				GCC_PRECOMPILE_PREFIX_HEADER = YES;
				GCC_PREFIX_HEADER = "JSONTools/JSONTools-Prefix.pch";
				INFOPLIST_FILE = "JSONToolsTests/JSONToolsTests-Info.plist";
				PRODUCT_NAME = "$(TARGET_NAME)";
				WRAPPER_EXTENSION = xctest;
			};
			name = Debug;
		};
		37BDF4E518FAF1DD00BF9705 /* Release */ = {
			isa = XCBuildConfiguration;
			buildSettings = {
				FRAMEWORK_SEARCH_PATHS = (
					"$(SDKROOT)/Developer/Library/Frameworks",
					"$(inherited)",
					"$(DEVELOPER_FRAMEWORKS_DIR)",
				);
				GCC_PRECOMPILE_PREFIX_HEADER = YES;
				GCC_PREFIX_HEADER = "JSONTools/JSONTools-Prefix.pch";
				INFOPLIST_FILE = "JSONToolsTests/JSONToolsTests-Info.plist";
				PRODUCT_NAME = "$(TARGET_NAME)";
				WRAPPER_EXTENSION = xctest;
			};
			name = Release;
		};
/* End XCBuildConfiguration section */

/* Begin XCConfigurationList section */
		37BDF4B818FAF1DD00BF9705 /* Build configuration list for PBXProject "JSONTools" */ = {
			isa = XCConfigurationList;
			buildConfigurations = (
				37BDF4DE18FAF1DD00BF9705 /* Debug */,
				37BDF4DF18FAF1DD00BF9705 /* Release */,
			);
			defaultConfigurationIsVisible = 0;
			defaultConfigurationName = Release;
		};
		37BDF4E318FAF1DD00BF9705 /* Build configuration list for PBXNativeTarget "JSONToolsTests" */ = {
			isa = XCConfigurationList;
			buildConfigurations = (
				37BDF4E418FAF1DD00BF9705 /* Debug */,
				37BDF4E518FAF1DD00BF9705 /* Release */,
			);
			defaultConfigurationIsVisible = 0;
			defaultConfigurationName = Release;
		};
/* End XCConfigurationList section */
	};
	rootObject = 37BDF4B518FAF1DD00BF9705 /* Project object */;
}
